
Microsoft Visual Studio Solution File, Format Version 12.00
# Visual Studio Version 17
VisualStudioVersion = 17.2.32602.215
MinimumVisualStudioVersion = 10.0.40219.1
Project("{9A19103F-16F7-4668-BE54-9A1E7A4F7556}") = "AddressBookADO", "AddressBookADO.csproj", "{A3CF345B-4A66-4296-9C7A-81F0537E6635}"
EndProject
Project("{FAE04EC0-301F-11D3-BF4B-00C04F79EFBC}") = "AddressBookTest", "..\AddressBookTest\AddressBookTest.csproj", "{A2594135-A9DD-44D0-A509-97D1EF182118}"
EndProject
Global
	GlobalSection(SolutionConfigurationPlatforms) = preSolution
		Debug|Any CPU = Debug|Any CPU
		Release|Any CPU = Release|Any CPU
	EndGlobalSection
	GlobalSection(ProjectConfigurationPlatforms) = postSolution
		{A3CF345B-4A66-4296-9C7A-81F0537E6635}.Debug|Any CPU.ActiveCfg = Debug|Any CPU
		{A3CF345B-4A66-4296-9C7A-81F0537E6635}.Debug|Any CPU.Build.0 = Debug|Any CPU
		{A3CF345B-4A66-4296-9C7A-81F0537E6635}.Release|Any CPU.ActiveCfg = Release|Any CPU
		{A3CF345B-4A66-4296-9C7A-81F0537E6635}.Release|Any CPU.Build.0 = Release|Any CPU
		{A2594135-A9DD-44D0-A509-97D1EF182118}.Debug|Any CPU.ActiveCfg = Debug|Any CPU
		{A2594135-A9DD-44D0-A509-97D1EF182118}.Debug|Any CPU.Build.0 = Debug|Any CPU
		{A2594135-A9DD-44D0-A509-97D1EF182118}.Release|Any CPU.ActiveCfg = Release|Any CPU
		{A2594135-A9DD-44D0-A509-97D1EF182118}.Release|Any CPU.Build.0 = Release|Any CPU
	EndGlobalSection
	GlobalSection(SolutionProperties) = preSolution
		HideSolutionNode = FALSE
	EndGlobalSection
	GlobalSection(ExtensibilityGlobals) = postSolution
		SolutionGuid = {E65C665F-1098-45B9-8A6A-D2F82B5FBEF0}
	EndGlobalSection
EndGlobal
